// !$*UTF8*$!
{
	archiveVersion = 1;
	classes = {
	};
	objectVersion = 50;
	objects = {

/* Begin PBXBuildFile section */
		EDC6A6FF265F79F000BD5D2F /* AppDelegate.swift in Sources */ = {isa = PBXBuildFile; fileRef = EDC6A6FE265F79F000BD5D2F /* AppDelegate.swift */; };
		EDC6A701265F79F000BD5D2F /* SceneDelegate.swift in Sources */ = {isa = PBXBuildFile; fileRef = EDC6A700265F79F000BD5D2F /* SceneDelegate.swift */; };
		EDC6A703265F79F000BD5D2F /* ViewController.swift in Sources */ = {isa = PBXBuildFile; fileRef = EDC6A702265F79F000BD5D2F /* ViewController.swift */; };
		EDC6A706265F79F000BD5D2F /* Main.storyboard in Resources */ = {isa = PBXBuildFile; fileRef = EDC6A704265F79F000BD5D2F /* Main.storyboard */; };
		EDC6A708265F79F800BD5D2F /* Assets.xcassets in Resources */ = {isa = PBXBuildFile; fileRef = EDC6A707265F79F800BD5D2F /* Assets.xcassets */; };
		EDC6A70B265F79F800BD5D2F /* LaunchScreen.storyboard in Resources */ = {isa = PBXBuildFile; fileRef = EDC6A709265F79F800BD5D2F /* LaunchScreen.storyboard */; };
		EDC6A714265F7B8400BD5D2F /* Inceptionv3.mlmodel in Sources */ = {isa = PBXBuildFile; fileRef = EDC6A713265F7B8400BD5D2F /* Inceptionv3.mlmodel */; };
/* End PBXBuildFile section */

/* Begin PBXFileReference section */
		EDC6A6FB265F79F000BD5D2F /* hotdog detector.app */ = {isa = PBXFileReference; explicitFileType = wrapper.application; includeInIndex = 0; path = "hotdog detector.app"; sourceTree = BUILT_PRODUCTS_DIR; };
		EDC6A6FE265F79F000BD5D2F /* AppDelegate.swift */ = {isa = PBXFileReference; lastKnownFileType = sourcecode.swift; path = AppDelegate.swift; sourceTree = "<group>"; };
		EDC6A700265F79F000BD5D2F /* SceneDelegate.swift */ = {isa = PBXFileReference; lastKnownFileType = sourcecode.swift; path = SceneDelegate.swift; sourceTree = "<group>"; };
		EDC6A702265F79F000BD5D2F /* ViewController.swift */ = {isa = PBXFileReference; lastKnownFileType = sourcecode.swift; path = ViewController.swift; sourceTree = "<group>"; };
		EDC6A705265F79F000BD5D2F /* Base */ = {isa = PBXFileReference; lastKnownFileType = file.storyboard; name = Base; path = Base.lproj/Main.storyboard; sourceTree = "<group>"; };
		EDC6A707265F79F800BD5D2F /* Assets.xcassets */ = {isa = PBXFileReference; lastKnownFileType = folder.assetcatalog; path = Assets.xcassets; sourceTree = "<group>"; };
		EDC6A70A265F79F800BD5D2F /* Base */ = {isa = PBXFileReference; lastKnownFileType = file.storyboard; name = Base; path = Base.lproj/LaunchScreen.storyboard; sourceTree = "<group>"; };
		EDC6A70C265F79F800BD5D2F /* Info.plist */ = {isa = PBXFileReference; lastKnownFileType = text.plist.xml; path = Info.plist; sourceTree = "<group>"; };
		EDC6A713265F7B8400BD5D2F /* Inceptionv3.mlmodel */ = {isa = PBXFileReference; lastKnownFileType = file.mlmodel; path = Inceptionv3.mlmodel; sourceTree = "<group>"; };
		EDC6A716265FAAB200BD5D2F /* hotdog detector.entitlements */ = {isa = PBXFileReference; lastKnownFileType = text.plist.entitlements; path = "hotdog detector.entitlements"; sourceTree = "<group>"; };
/* End PBXFileReference section */

/* Begin PBXFrameworksBuildPhase section */
		EDC6A6F8265F79EF00BD5D2F /* Frameworks */ = {
			isa = PBXFrameworksBuildPhase;
			buildActionMask = 2147483647;
			files = (
			);
			runOnlyForDeploymentPostprocessing = 0;
		};
/* End PBXFrameworksBuildPhase section */

/* Begin PBXGroup section */
		EDC6A6F2265F79EF00BD5D2F = {
			isa = PBXGroup;
			children = (
				EDC6A6FD265F79F000BD5D2F /* hotdog detector */,
				EDC6A6FC265F79F000BD5D2F /* Products */,
			);
			sourceTree = "<group>";
		};
		EDC6A6FC265F79F000BD5D2F /* Products */ = {
			isa = PBXGroup;
			children = (
				EDC6A6FB265F79F000BD5D2F /* hotdog detector.app */,
			);
			name = Products;
			sourceTree = "<group>";
		};
		EDC6A6FD265F79F000BD5D2F /* hotdog detector */ = {
			isa = PBXGroup;
			children = (
				EDC6A716265FAAB200BD5D2F /* hotdog detector.entitlements */,
				EDC6A6FE265F79F000BD5D2F /* AppDelegate.swift */,
				EDC6A700265F79F000BD5D2F /* SceneDelegate.swift */,
				EDC6A702265F79F000BD5D2F /* ViewController.swift */,
				EDC6A704265F79F000BD5D2F /* Main.storyboard */,
				EDC6A707265F79F800BD5D2F /* Assets.xcassets */,
				EDC6A709265F79F800BD5D2F /* LaunchScreen.storyboard */,
				EDC6A70C265F79F800BD5D2F /* Info.plist */,
				EDC6A713265F7B8400BD5D2F /* Inceptionv3.mlmodel */,
			);
			path = "hotdog detector";
			sourceTree = "<group>";
		};
/* End PBXGroup section */

/* Begin PBXNativeTarget section */
		EDC6A6FA265F79EF00BD5D2F /* hotdog detector */ = {
			isa = PBXNativeTarget;
			buildConfigurationList = EDC6A70F265F79F800BD5D2F /* Build configuration list for PBXNativeTarget "hotdog detector" */;
			buildPhases = (
				EDC6A6F7265F79EF00BD5D2F /* Sources */,
				EDC6A6F8265F79EF00BD5D2F /* Frameworks */,
				EDC6A6F9265F79EF00BD5D2F /* Resources */,
			);
			buildRules = (
			);
			dependencies = (
			);
			name = "hotdog detector";
			productName = "hotdog detector";
			productReference = EDC6A6FB265F79F000BD5D2F /* hotdog detector.app */;
			productType = "com.apple.product-type.application";
		};
/* End PBXNativeTarget section */

/* Begin PBXProject section */
		EDC6A6F3265F79EF00BD5D2F /* Project object */ = {
			isa = PBXProject;
			attributes = {
				LastSwiftUpdateCheck = 1240;
				LastUpgradeCheck = 1240;
				TargetAttributes = {
					EDC6A6FA265F79EF00BD5D2F = {
						CreatedOnToolsVersion = 12.4;
					};
				};
			};
			buildConfigurationList = EDC6A6F6265F79EF00BD5D2F /* Build configuration list for PBXProject "hotdog detector" */;
			compatibilityVersion = "Xcode 9.3";
			developmentRegion = en;
			hasScannedForEncodings = 0;
			knownRegions = (
				en,
				Base,
			);
			mainGroup = EDC6A6F2265F79EF00BD5D2F;
			productRefGroup = EDC6A6FC265F79F000BD5D2F /* Products */;
			projectDirPath = "";
			projectRoot = "";
			targets = (
				EDC6A6FA265F79EF00BD5D2F /* hotdog detector */,
			);
		};
/* End PBXProject section */

/* Begin PBXResourcesBuildPhase section */
		EDC6A6F9265F79EF00BD5D2F /* Resources */ = {
			isa = PBXResourcesBuildPhase;
			buildActionMask = 2147483647;
			files = (
				EDC6A70B265F79F800BD5D2F /* LaunchScreen.storyboard in Resources */,
				EDC6A708265F79F800BD5D2F /* Assets.xcassets in Resources */,
				EDC6A706265F79F000BD5D2F /* Main.storyboard in Resources */,
			);
			runOnlyForDeploymentPostprocessing = 0;
		};
/* End PBXResourcesBuildPhase section */

/* Begin PBXSourcesBuildPhase section */
		EDC6A6F7265F79EF00BD5D2F /* Sources */ = {
			isa = PBXSourcesBuildPhase;
			buildActionMask = 2147483647;
			files = (
				EDC6A703265F79F000BD5D2F /* ViewController.swift in Sources */,
				EDC6A714265F7B8400BD5D2F /* Inceptionv3.mlmodel in Sources */,
				EDC6A6FF265F79F000BD5D2F /* AppDelegate.swift in Sources */,
				EDC6A701265F79F000BD5D2F /* SceneDelegate.swift in Sources */,
			);
			runOnlyForDeploymentPostprocessing = 0;
		};
/* End PBXSourcesBuildPhase section */

/* Begin PBXVariantGroup section */
		EDC6A704265F79F000BD5D2F /* Main.storyboard */ = {
			isa = PBXVariantGroup;
			children = (
				EDC6A705265F79F000BD5D2F /* Base */,
			);
			name = Main.storyboard;
			sourceTree = "<group>";
		};
		EDC6A709265F79F800BD5D2F /* LaunchScreen.storyboard */ = {
			isa = PBXVariantGroup;
			children = (
				EDC6A70A265F79F800BD5D2F /* Base */,
			);
			name = LaunchScreen.storyboard;
			sourceTree = "<group>";
		};
/* End PBXVariantGroup section */

/* Begin XCBuildConfiguration section */
		EDC6A70D265F79F800BD5D2F /* Debug */ = {
			isa = XCBuildConfiguration;
			buildSettings = {
				ALWAYS_SEARCH_USER_PATHS = NO;
				CLANG_ANALYZER_NONNULL = YES;
				CLANG_ANALYZER_NUMBER_OBJECT_CONVERSION = YES_AGGRESSIVE;
				CLANG_CXX_LANGUAGE_STANDARD = "gnu++14";
				CLANG_CXX_LIBRARY = "libc++";
				CLANG_ENABLE_MODULES = YES;
				CLANG_ENABLE_OBJC_ARC = YES;
				CLANG_ENABLE_OBJC_WEAK = YES;
				CLANG_WARN_BLOCK_CAPTURE_AUTORELEASING = YES;
				CLANG_WARN_BOOL_CONVERSION = YES;
				CLANG_WARN_COMMA = YES;
				CLANG_WARN_CONSTANT_CONVERSION = YES;
				CLANG_WARN_DEPRECATED_OBJC_IMPLEMENTATIONS = YES;
				CLANG_WARN_DIRECT_OBJC_ISA_USAGE = YES_ERROR;
				CLANG_WARN_DOCUMENTATION_COMMENTS = YES;
				CLANG_WARN_EMPTY_BODY = YES;
				CLANG_WARN_ENUM_CONVERSION = YES;
				CLANG_WARN_INFINITE_RECURSION = YES;
				CLANG_WARN_INT_CONVERSION = YES;
				CLANG_WARN_NON_LITERAL_NULL_CONVERSION = YES;
				CLANG_WARN_OBJC_IMPLICIT_RETAIN_SELF = YES;
				CLANG_WARN_OBJC_LITERAL_CONVERSION = YES;
				CLANG_WARN_OBJC_ROOT_CLASS = YES_ERROR;
				CLANG_WARN_QUOTED_INCLUDE_IN_FRAMEWORK_HEADER = YES;
				CLANG_WARN_RANGE_LOOP_ANALYSIS = YES;
				CLANG_WARN_STRICT_PROTOTYPES = YES;
				CLANG_WARN_SUSPICIOUS_MOVE = YES;
				CLANG_WARN_UNGUARDED_AVAILABILITY = YES_AGGRESSIVE;
				CLANG_WARN_UNREACHABLE_CODE = YES;
				CLANG_WARN__DUPLICATE_METHOD_MATCH = YES;
				COPY_PHASE_STRIP = NO;
				DEBUG_INFORMATION_FORMAT = dwarf;
				ENABLE_STRICT_OBJC_MSGSEND = YES;
				ENABLE_TESTABILITY = YES;
				GCC_C_LANGUAGE_STANDARD = gnu11;
				GCC_DYNAMIC_NO_PIC = NO;
				GCC_NO_COMMON_BLOCKS = YES;
				GCC_OPTIMIZATION_LEVEL = 0;
				GCC_PREPROCESSOR_DEFINITIONS = (
					"DEBUG=1",
					"$(inherited)",
				);
				GCC_WARN_64_TO_32_BIT_CONVERSION = YES;
				GCC_WARN_ABOUT_RETURN_TYPE = YES_ERROR;
				GCC_WARN_UNDECLARED_SELECTOR = YES;
				GCC_WARN_UNINITIALIZED_AUTOS = YES_AGGRESSIVE;
				GCC_WARN_UNUSED_FUNCTION = YES;
				GCC_WARN_UNUSED_VARIABLE = YES;
				IPHONEOS_DEPLOYMENT_TARGET = 14.4;
				MTL_ENABLE_DEBUG_INFO = INCLUDE_SOURCE;
				MTL_FAST_MATH = YES;
				ONLY_ACTIVE_ARCH = YES;
				SDKROOT = iphoneos;
				SWIFT_ACTIVE_COMPILATION_CONDITIONS = DEBUG;
				SWIFT_OPTIMIZATION_LEVEL = "-Onone";
			};
			name = Debug;
		};
		EDC6A70E265F79F800BD5D2F /* Release */ = {
			isa = XCBuildConfiguration;
			buildSettings = {
				ALWAYS_SEARCH_USER_PATHS = NO;
				CLANG_ANALYZER_NONNULL = YES;
				CLANG_ANALYZER_NUMBER_OBJECT_CONVERSION = YES_AGGRESSIVE;
				CLANG_CXX_LANGUAGE_STANDARD = "gnu++14";
				CLANG_CXX_LIBRARY = "libc++";
				CLANG_ENABLE_MODULES = YES;
				CLANG_ENABLE_OBJC_ARC = YES;
				CLANG_ENABLE_OBJC_WEAK = YES;
				CLANG_WARN_BLOCK_CAPTURE_AUTORELEASING = YES;
				CLANG_WARN_BOOL_CONVERSION = YES;
				CLANG_WARN_COMMA = YES;
				CLANG_WARN_CONSTANT_CONVERSION = YES;
				CLANG_WARN_DEPRECATED_OBJC_IMPLEMENTATIONS = YES;
				CLANG_WARN_DIRECT_OBJC_ISA_USAGE = YES_ERROR;
				CLANG_WARN_DOCUMENTATION_COMMENTS = YES;
				CLANG_WARN_EMPTY_BODY = YES;
				CLANG_WARN_ENUM_CONVERSION = YES;
				CLANG_WARN_INFINITE_RECURSION = YES;
				CLANG_WARN_INT_CONVERSION = YES;
				CLANG_WARN_NON_LITERAL_NULL_CONVERSION = YES;
				CLANG_WARN_OBJC_IMPLICIT_RETAIN_SELF = YES;
				CLANG_WARN_OBJC_LITERAL_CONVERSION = YES;
				CLANG_WARN_OBJC_ROOT_CLASS = YES_ERROR;
				CLANG_WARN_QUOTED_INCLUDE_IN_FRAMEWORK_HEADER = YES;
				CLANG_WARN_RANGE_LOOP_ANALYSIS = YES;
				CLANG_WARN_STRICT_PROTOTYPES = YES;
				CLANG_WARN_SUSPICIOUS_MOVE = YES;
				CLANG_WARN_UNGUARDED_AVAILABILITY = YES_AGGRESSIVE;
				CLANG_WARN_UNREACHABLE_CODE = YES;
				CLANG_WARN__DUPLICATE_METHOD_MATCH = YES;
				COPY_PHASE_STRIP = NO;
				DEBUG_INFORMATION_FORMAT = "dwarf-with-dsym";
				ENABLE_NS_ASSERTIONS = NO;
				ENABLE_STRICT_OBJC_MSGSEND = YES;
				GCC_C_LANGUAGE_STANDARD = gnu11;
				GCC_NO_COMMON_BLOCKS = YES;
				GCC_WARN_64_TO_32_BIT_CONVERSION = YES;
				GCC_WARN_ABOUT_RETURN_TYPE = YES_ERROR;
				GCC_WARN_UNDECLARED_SELECTOR = YES;
				GCC_WARN_UNINITIALIZED_AUTOS = YES_AGGRESSIVE;
				GCC_WARN_UNUSED_FUNCTION = YES;
				GCC_WARN_UNUSED_VARIABLE = YES;
				IPHONEOS_DEPLOYMENT_TARGET = 14.4;
				MTL_ENABLE_DEBUG_INFO = NO;
				MTL_FAST_MATH = YES;
				SDKROOT = iphoneos;
				SWIFT_COMPILATION_MODE = wholemodule;
				SWIFT_OPTIMIZATION_LEVEL = "-O";
				VALIDATE_PRODUCT = YES;
			};
			name = Release;
		};
		EDC6A710265F79F800BD5D2F /* Debug */ = {
			isa = XCBuildConfiguration;
			buildSettings = {
				ASSETCATALOG_COMPILER_APPICON_NAME = AppIcon;
				ASSETCATALOG_COMPILER_GLOBAL_ACCENT_COLOR_NAME = AccentColor;
				CODE_SIGN_ENTITLEMENTS = "hotdog detector/hotdog detector.entitlements";
				CODE_SIGN_STYLE = Automatic;
				DEVELOPMENT_TEAM = 2YZB8B988D;
				INFOPLIST_FILE = "hotdog detector/Info.plist";
				LD_RUNPATH_SEARCH_PATHS = (
					"$(inherited)",
					"@executable_path/Frameworks",
				);
				PRODUCT_BUNDLE_IDENTIFIER = "Naman-iosdev.hotdog-detector";
				PRODUCT_NAME = "$(TARGET_NAME)";
				SUPPORTS_MACCATALYST = YES;
				SWIFT_VERSION = 5.0;
				TARGETED_DEVICE_FAMILY = "1,2";
			};
			name = Debug;
		};
		EDC6A711265F79F800BD5D2F /* Release */ = {
			isa = XCBuildConfiguration;
			buildSettings = {
				ASSETCATALOG_COMPILER_APPICON_NAME = AppIcon;
				ASSETCATALOG_COMPILER_GLOBAL_ACCENT_COLOR_NAME = AccentColor;
				CODE_SIGN_ENTITLEMENTS = "hotdog detector/hotdog detector.entitlements";
				CODE_SIGN_STYLE = Automatic;
				DEVELOPMENT_TEAM = 2YZB8B988D;
				INFOPLIST_FILE = "hotdog detector/Info.plist";
				LD_RUNPATH_SEARCH_PATHS = (
					"$(inherited)",
					"@executable_path/Frameworks",
				);
				PRODUCT_BUNDLE_IDENTIFIER = "Naman-iosdev.hotdog-detector";
				PRODUCT_NAME = "$(TARGET_NAME)";
				SUPPORTS_MACCATALYST = YES;
				SWIFT_VERSION = 5.0;
				TARGETED_DEVICE_FAMILY = "1,2";
			};
			name = Release;
		};
/* End XCBuildConfiguration section */

/* Begin XCConfigurationList section */
		EDC6A6F6265F79EF00BD5D2F /* Build configuration list for PBXProject "hotdog detector" */ = {
			isa = XCConfigurationList;
			buildConfigurations = (
				EDC6A70D265F79F800BD5D2F /* Debug */,
				EDC6A70E265F79F800BD5D2F /* Release */,
			);
			defaultConfigurationIsVisible = 0;
			defaultConfigurationName = Release;
		};
		EDC6A70F265F79F800BD5D2F /* Build configuration list for PBXNativeTarget "hotdog detector" */ = {
			isa = XCConfigurationList;
			buildConfigurations = (
				EDC6A710265F79F800BD5D2F /* Debug */,
				EDC6A711265F79F800BD5D2F /* Release */,
			);
			defaultConfigurationIsVisible = 0;
			defaultConfigurationName = Release;
		};
/* End XCConfigurationList section */
	};
	rootObject = EDC6A6F3265F79EF00BD5D2F /* Project object */;
}
